Microsoft Visual Studio Solution File, Format Version 12.00
# Visual Studio 15
VisualStudioVersion = 15.0.27130.2010
MinimumVisualStudioVersion = 10.0.40219.1
Project("{FAE04EC0-301F-11D3-BF4B-00C04F79EFBC}") = "Forge.Forms.Demo", "src\Demo\Forge.Forms.Demo\Forge.Forms.Demo.csproj", "{9366F07D-D5DE-4B19-987C-B27C40476685}"
EndProject
Project("{FAE04EC0-301F-11D3-BF4B-00C04F79EFBC}") = "Forge.Forms", "src\Forge.Forms\Forge.Forms.csproj", "{4E0C323D-5AFC-4105-815F-587346AA5321}"
EndProject
Project("{FAE04EC0-301F-11D3-BF4B-00C04F79EFBC}") = "Forge.Forms.Tests", "src\Forge.Forms.Tests\Forge.Forms.Tests.csproj", "{528FBDC1-500C-4C3B-AD72-F8FB49E778FE}"
EndProject
Project("{FAE04EC0-301F-11D3-BF4B-00C04F79EFBC}") = "Forge.Forms.Mapper", "Forge.Forms.Mapper\Forge.Forms.Mapper.csproj", "{FC05C575-2B2F-439C-8D29-4971406957E1}"
EndProject
Global
	GlobalSection(SolutionConfigurationPlatforms) = preSolution
		AppVeyor|Any CPU = AppVeyor|Any CPU
		Debug|Any CPU = Debug|Any CPU
		Release|Any CPU = Release|Any CPU
	EndGlobalSection
	GlobalSection(ProjectConfigurationPlatforms) = postSolution
		{9366F07D-D5DE-4B19-987C-B27C40476685}.AppVeyor|Any CPU.ActiveCfg = Release|Any CPU
		{9366F07D-D5DE-4B19-987C-B27C40476685}.AppVeyor|Any CPU.Build.0 = Release|Any CPU
		{9366F07D-D5DE-4B19-987C-B27C40476685}.Debug|Any CPU.ActiveCfg = Debug|Any CPU
		{9366F07D-D5DE-4B19-987C-B27C40476685}.Debug|Any CPU.Build.0 = Debug|Any CPU
		{9366F07D-D5DE-4B19-987C-B27C40476685}.Release|Any CPU.ActiveCfg = Release|Any CPU
		{9366F07D-D5DE-4B19-987C-B27C40476685}.Release|Any CPU.Build.0 = Release|Any CPU
		{4E0C323D-5AFC-4105-815F-587346AA5321}.AppVeyor|Any CPU.ActiveCfg = Release|Any CPU
		{4E0C323D-5AFC-4105-815F-587346AA5321}.AppVeyor|Any CPU.Build.0 = Release|Any CPU
		{4E0C323D-5AFC-4105-815F-587346AA5321}.Debug|Any CPU.ActiveCfg = Debug|Any CPU
		{4E0C323D-5AFC-4105-815F-587346AA5321}.Debug|Any CPU.Build.0 = Debug|Any CPU
		{4E0C323D-5AFC-4105-815F-587346AA5321}.Release|Any CPU.ActiveCfg = Release|Any CPU
		{4E0C323D-5AFC-4105-815F-587346AA5321}.Release|Any CPU.Build.0 = Release|Any CPU
		{528FBDC1-500C-4C3B-AD72-F8FB49E778FE}.AppVeyor|Any CPU.ActiveCfg = Release|Any CPU
		{528FBDC1-500C-4C3B-AD72-F8FB49E778FE}.AppVeyor|Any CPU.Build.0 = Release|Any CPU
		{528FBDC1-500C-4C3B-AD72-F8FB49E778FE}.Debug|Any CPU.ActiveCfg = Debug|Any CPU
		{528FBDC1-500C-4C3B-AD72-F8FB49E778FE}.Debug|Any CPU.Build.0 = Debug|Any CPU
		{528FBDC1-500C-4C3B-AD72-F8FB49E778FE}.Release|Any CPU.ActiveCfg = Release|Any CPU
		{528FBDC1-500C-4C3B-AD72-F8FB49E778FE}.Release|Any CPU.Build.0 = Release|Any CPU
		{FC05C575-2B2F-439C-8D29-4971406957E1}.AppVeyor|Any CPU.ActiveCfg = Debug|Any CPU
		{FC05C575-2B2F-439C-8D29-4971406957E1}.AppVeyor|Any CPU.Build.0 = Debug|Any CPU
		{FC05C575-2B2F-439C-8D29-4971406957E1}.Debug|Any CPU.ActiveCfg = Debug|Any CPU
		{FC05C575-2B2F-439C-8D29-4971406957E1}.Debug|Any CPU.Build.0 = Debug|Any CPU
		{FC05C575-2B2F-439C-8D29-4971406957E1}.Release|Any CPU.ActiveCfg = Release|Any CPU
		{FC05C575-2B2F-439C-8D29-4971406957E1}.Release|Any CPU.Build.0 = Release|Any CPU
	EndGlobalSection
	GlobalSection(SolutionProperties) = preSolution
		HideSolutionNode = FALSE
	EndGlobalSection
	GlobalSection(NestedProjects) = preSolution
	EndGlobalSection
	GlobalSection(ExtensibilityGlobals) = postSolution
		SolutionGuid = {80A84907-BABD-4D97-87E9-D2C5B331F074}
	EndGlobalSection
EndGlobal
