
Microsoft Visual Studio Solution File, Format Version 12.00
# Visual Studio 15
VisualStudioVersion = 15.0.27004.2002
MinimumVisualStudioVersion = 10.0.40219.1
Project("{FAE04EC0-301F-11D3-BF4B-00C04F79EFBC}") = "Forge.Forms", "..\Forge.Forms\src\Forge.Forms\Forge.Forms.csproj", "{4E0C323D-5AFC-4105-815F-587346AA5321}"
EndProject
Project("{FAE04EC0-301F-11D3-BF4B-00C04F79EFBC}") = "Forge.Forms.LiveReloading", "src\Forge.Forms.LiveReloading\Forge.Forms.LiveReloading.csproj", "{8FC8CC52-9142-4DDA-83C4-1AD6356BBCB1}"
EndProject
Global
	GlobalSection(SolutionConfigurationPlatforms) = preSolution
		Debug|Any CPU = Debug|Any CPU
		Release|Any CPU = Release|Any CPU
	EndGlobalSection
	GlobalSection(ProjectConfigurationPlatforms) = postSolution
		{4E0C323D-5AFC-4105-815F-587346AA5321}.Debug|Any CPU.ActiveCfg = Debug|Any CPU
		{4E0C323D-5AFC-4105-815F-587346AA5321}.Debug|Any CPU.Build.0 = Debug|Any CPU
		{4E0C323D-5AFC-4105-815F-587346AA5321}.Release|Any CPU.ActiveCfg = Release|Any CPU
		{4E0C323D-5AFC-4105-815F-587346AA5321}.Release|Any CPU.Build.0 = Release|Any CPU
		{8FC8CC52-9142-4DDA-83C4-1AD6356BBCB1}.Debug|Any CPU.ActiveCfg = Debug|Any CPU
		{8FC8CC52-9142-4DDA-83C4-1AD6356BBCB1}.Debug|Any CPU.Build.0 = Debug|Any CPU
		{8FC8CC52-9142-4DDA-83C4-1AD6356BBCB1}.Release|Any CPU.ActiveCfg = Release|Any CPU
		{8FC8CC52-9142-4DDA-83C4-1AD6356BBCB1}.Release|Any CPU.Build.0 = Release|Any CPU
	EndGlobalSection
	GlobalSection(SolutionProperties) = preSolution
		HideSolutionNode = FALSE
	EndGlobalSection
	GlobalSection(ExtensibilityGlobals) = postSolution
		SolutionGuid = {0427AD12-C879-49CD-88E7-4869FE10EC7F}
	EndGlobalSection
EndGlobal
